PODS:
  - FDFullscreenPopGesture (1.1)
  - Flutter (1.0.0)
  - flutter_boost (0.0.2):
    - Flutter
  - FlutterPluginRegistrant (0.0.1):
    - Flutter
    - flutter_boost
  - my_flutter (0.0.1):
    - Flutter

DEPENDENCIES:
  - FDFullscreenPopGesture (= 1.1)
  - Flutter (from `../my_flutter/.ios/Flutter/engine`)
  - flutter_boost (from `../my_flutter/.ios/Flutter/.symlinks/flutter_boost/ios`)
  - FlutterPluginRegistrant (from `../my_flutter/.ios/Flutter/FlutterPluginRegistrant`)
  - my_flutter (from `../my_flutter/.ios/Flutter`)

SPEC REPOS:
  https://github.com/CocoaPods/Specs.git:
    - FDFullscreenPopGesture

EXTERNAL SOURCES:
  Flutter:
    :path: "../my_flutter/.ios/Flutter/engine"
  flutter_boost:
    :path: "../my_flutter/.ios/Flutter/.symlinks/flutter_boost/ios"
  FlutterPluginRegistrant:
    :path: "../my_flutter/.ios/Flutter/FlutterPluginRegistrant"
  my_flutter:
    :path: "../my_flutter/.ios/Flutter"

SPEC CHECKSUMS:
  FDFullscreenPopGesture: a8a620179e3d9c40e8e00256dcee1c1a27c6d0f0
  Flutter: 0e3d915762c693b495b44d77113d4970485de6ec
  flutter_boost: a7cfa776b75329d5e7d101d0cd33e75042bcde69
  FlutterPluginRegistrant: 01e0f464d86bf611bf43b90bd216f2d2476e5188
  my_flutter: c0ca42721b3297bc8d54e93782ac00730d3bd1a1

PODFILE CHECKSUM: 2b00ccceace6e02840aab1034a9e91283172d0ad

COCOAPODS: 1.8.4
